<?xml version="1.0" encoding="utf-8"?>
<Project ToolsVersion="4.0" xmlns="http://schemas.microsoft.com/developer/msbuild/2003">
  <ItemGroup>
    <Filter Include="소스 파일">
      <UniqueIdentifier>{4FC737F1-C7A5-4376-A066-2A32D752A2FF}</UniqueIdentifier>
      <Extensions>cpp;c;cc;cxx;def;odl;idl;hpj;bat;asm;asmx</Extensions>
    </Filter>
    <Filter Include="헤더 파일">
      <UniqueIdentifier>{93995380-89BD-4b04-88EB-625FBE52EBFB}</UniqueIdentifier>
      <Extensions>h;hh;hpp;hxx;hm;inl;inc;ipp;xsd</Extensions>
    </Filter>
    <Filter Include="리소스 파일">
      <UniqueIdentifier>{67DA6AB6-F800-4c08-8B7A-83BB121AAD01}</UniqueIdentifier>
      <Extensions>rc;ico;cur;bmp;dlg;rc2;rct;bin;rgs;gif;jpg;jpeg;jpe;resx;tiff;tif;png;wav;mfcribbon-ms</Extensions>
    </Filter>
    <Filter Include="소스 파일\FormView">
      <UniqueIdentifier>{36b27fbe-bdf0-40b4-9a20-91bd28497ab1}</UniqueIdentifier>
    </Filter>
    <Filter Include="헤더 파일\FormView">
      <UniqueIdentifier>{3c2b846e-cded-46d0-a7cb-a8917fbf2eb0}</UniqueIdentifier>
    </Filter>
    <Filter Include="소스 파일\Lib">
      <UniqueIdentifier>{8ae38f45-aa18-4d7f-81fa-169cfc980493}</UniqueIdentifier>
    </Filter>
    <Filter Include="헤더 파일\Lib">
      <UniqueIdentifier>{4a2167af-668b-48c5-a927-a6c43bc7ae4f}</UniqueIdentifier>
    </Filter>
    <Filter Include="소스 파일\Dialog">
      <UniqueIdentifier>{57b36e0d-1522-4270-b8a6-55b5beb77fce}</UniqueIdentifier>
    </Filter>
    <Filter Include="헤더 파일\Dialog">
      <UniqueIdentifier>{f7d75bf0-f642-44f9-88f6-df6901f0180d}</UniqueIdentifier>
    </Filter>
    <Filter Include="소스 파일\Dialog\SubDlg">
      <UniqueIdentifier>{82be9f87-3124-4459-b490-459ac02f3a26}</UniqueIdentifier>
    </Filter>
    <Filter Include="소스 파일\Lib\Spread">
      <UniqueIdentifier>{5bd0cabb-76fc-42bd-b2b8-5bffd6e5ccf6}</UniqueIdentifier>
    </Filter>
    <ClCompile Include="..\_ExLib\FarPoint_Dll\fpspread_dll.cpp" />
    <ClCompile Include="..\_ExLib\FarPoint_Dll\Ssdllmfc.cpp" />
    <ClCompile Include="CHistogram.cpp" />
    <ClCompile Include="CMakeAttributeDlg.cpp" />
    <ClCompile Include="CMakeSymbolDlg.cpp" />
    <ClCompile Include="CSelectSymbolDlg.cpp" />
    <ClCompile Include="ExtractLayerDlg.cpp" />
    <ClCompile Include="iMasterCommon.cpp" />
    <ClCompile Include="JobInfoFormView.cpp" />
    <ClCompile Include="FormViewDocPane.cpp" />
    <ClCompile Include="iMaster.cpp" />
    <ClCompile Include="iMasterDoc.cpp" />
    <ClCompile Include="iMasterView.cpp" />
    <ClCompile Include="LayerInfoFormView.cpp" />
    <ClCompile Include="Lib\ColumnTreeCtrl.cpp" />
    <ClCompile Include="Lib\CustomListCtrl.cpp" />
    <ClCompile Include="Lib\FileTreeCtrl.cpp" />
    <ClCompile Include="Lib\HeaderCtrlEx.cpp" />
    <ClCompile Include="Lib\InPlaceCombo.cpp" />
    <ClCompile Include="Lib\InPlaceEdit.cpp" />
    <ClCompile Include="Lib\ListBoxEx.cpp" />
    <ClCompile Include="Lib\MFCStatusBarEx.cpp" />
    <ClCompile Include="Lib\RoundProgress.cpp" />
    <ClCompile Include="Lib\SpinBox.cpp" />
    <ClCompile Include="Lib\StaticPanel.cpp" />
    <ClCompile Include="LogViewDocPane.cpp" />
    <ClCompile Include="MainFrm.cpp" />
    <ClCompile Include="MakeMasterDlg.cpp" />
    <ClCompile Include="pch.cpp" />
    <ClCompile Include="ProgressDlg.cpp" />
    <ClCompile Include="SettingsFormView.cpp" />
    <ClCompile Include="SystemSpec.cpp" />
    <ClCompile Include="udpsock.cpp" />
  </ItemGroup>
  <ItemGroup>
    <ClInclude Include="iMaster.h">
      <Filter>헤더 파일</Filter>
    </ClInclude>
    <ClInclude Include="framework.h">
      <Filter>헤더 파일</Filter>
    </ClInclude>
    <ClInclude Include="targetver.h">
      <Filter>헤더 파일</Filter>
    </ClInclude>
    <ClInclude Include="MainFrm.h">
      <Filter>헤더 파일</Filter>
    </ClInclude>
    <ClInclude Include="iMasterDoc.h">
      <Filter>헤더 파일</Filter>
    </ClInclude>
    <ClInclude Include="iMasterView.h">
      <Filter>헤더 파일</Filter>
    </ClInclude>
    <ClInclude Include="pch.h">
      <Filter>헤더 파일</Filter>
    </ClInclude>
    <ClInclude Include="Lib\StaticPanel.h">
      <Filter>헤더 파일\Lib</Filter>
    </ClInclude>
    <ClInclude Include="Lib\FileTreeCtrl.h">
      <Filter>헤더 파일\Lib</Filter>
    </ClInclude>
    <ClInclude Include="FormViewDocPane.h">
      <Filter>헤더 파일\FormView</Filter>
    </ClInclude>
    <ClInclude Include="JobInfoFormView.h">
      <Filter>헤더 파일\FormView</Filter>
    </ClInclude>
    <ClInclude Include="iMasterCommon.h">
      <Filter>헤더 파일</Filter>
    </ClInclude>
    <ClInclude Include="LogViewDocPane.h">
      <Filter>헤더 파일\FormView</Filter>
    </ClInclude>
    <ClInclude Include="Lib\ListBoxEx.h">
      <Filter>헤더 파일\Lib</Filter>
    </ClInclude>
    <ClInclude Include="Lib\RoundProgress.h">
      <Filter>헤더 파일\Lib</Filter>
    </ClInclude>
    <ClInclude Include="CamInfoFormView.h">
      <Filter>헤더 파일\FormView</Filter>
    </ClInclude>
    <ClInclude Include="Lib\ButtonEx.h">
      <Filter>헤더 파일\Lib</Filter>
    </ClInclude>
    <ClInclude Include="Lib\HeaderCtrlEx.h">
      <Filter>헤더 파일\Lib</Filter>
    </ClInclude>
    <ClInclude Include="SettingsFormView.h">
      <Filter>헤더 파일\FormView</Filter>
    </ClInclude>
    <ClInclude Include="ProgressDlg.h">
      <Filter>헤더 파일\Dialog</Filter>
    </ClInclude>
    <ClInclude Include="SystemSpec.h">
      <Filter>헤더 파일\FormView</Filter>
    </ClInclude>
    <ClInclude Include="LayerInfoFormView.h">
      <Filter>헤더 파일\FormView</Filter>
    </ClInclude>
    <ClInclude Include="Lib\CustomListCtrl.h">
      <Filter>헤더 파일\Lib</Filter>
    </ClInclude>
    <ClInclude Include="Lib\InPlaceCombo.h">
      <Filter>헤더 파일\Lib</Filter>
    </ClInclude>
    <ClInclude Include="Lib\InPlaceEdit.h">
      <Filter>헤더 파일\Lib</Filter>
    </ClInclude>
    <ClInclude Include="Lib\SpinBox.h">
      <Filter>헤더 파일\Lib</Filter>
    </ClInclude>
    <ClInclude Include="Lib\MFCStatusBarEx.h">
      <Filter>헤더 파일\Lib</Filter>
    </ClInclude>
    <ClInclude Include="ExtractLayerDlg.h">
      <Filter>헤더 파일\Dialog</Filter>
    </ClInclude>
    <ClInclude Include="MakeMasterDlg.h">
      <Filter>헤더 파일\Dialog</Filter>
    </ClInclude>
    <ClInclude Include="Lib\ColumnTreeCtrl.h">
      <Filter>헤더 파일\Lib</Filter>
    </ClInclude>
    <ClInclude Include="CHistogram.h">
      <Filter>헤더 파일\Dialog</Filter>
    </ClInclude>
    <ClInclude Include="CFeatureEdit_DeleteDlg.h">
      <Filter>헤더 파일\Dialog</Filter>
    </ClInclude>
    <ClInclude Include="CFeatureEdit_MoveDlg.h">
      <Filter>헤더 파일\Dialog</Filter>
    </ClInclude>
    <ClInclude Include="CFeatureEdit_ResizeDlg.h">
      <Filter>헤더 파일\Dialog</Filter>
    </ClInclude>
    <ClInclude Include="CFeatureEdit_SymbolSelectDlg.h">
      <Filter>헤더 파일\Dialog</Filter>
    </ClInclude>
    <ClInclude Include="CFeatureEdit_AddDlg.h">
      <Filter>헤더 파일\Dialog</Filter>
    </ClInclude>
    <ClInclude Include="CFeatureAdd_Line_SubDlg.h">
      <Filter>소스 파일\Dialog\SubDlg</Filter>
    </ClInclude>
    <ClInclude Include="CFeatureAdd_Pad_SubDlg.h">
      <Filter>소스 파일\Dialog\SubDlg</Filter>
    </ClInclude>
    <ClInclude Include="..\_ExLib\FarPoint_Dll\fpspread_dll.h">
      <Filter>소스 파일\Lib\Spread</Filter>
    </ClInclude>
    <ClInclude Include="..\_ExLib\FarPoint_Dll\SSDLL.H">
      <Filter>소스 파일\Lib\Spread</Filter>
    </ClInclude>
    <ClInclude Include="..\_ExLib\FarPoint_Dll\Ssdllmfc.h">
      <Filter>소스 파일\Lib\Spread</Filter>
    </ClInclude>
    <ClInclude Include="..\_ExLib\FarPoint_Dll\SSDLLX.H">
      <Filter>소스 파일\Lib\Spread</Filter>
    </ClInclude>
    <ClInclude Include="..\_ExLib\FarPoint_Dll\SSOCX.H">
      <Filter>소스 파일\Lib\Spread</Filter>
    </ClInclude>
    <ClInclude Include="DataDefine_Color.h">
      <Filter>헤더 파일\Lib</Filter>
    </ClInclude>
    <ClInclude Include="resource.h">
      <Filter>헤더 파일</Filter>
    </ClInclude>
    <ClInclude Include="CMakeAttributeDlg.h">
      <Filter>소스 파일\Dialog\SubDlg</Filter>
    </ClInclude>
    <ClInclude Include="CMakeSymbolDlg.h">
      <Filter>소스 파일\Dialog\SubDlg</Filter>
    </ClInclude>
    <ClInclude Include="CSelectSymbolDlg.h">
      <Filter>소스 파일\Dialog\SubDlg</Filter>
    </ClInclude>
    <ClInclude Include="CAlignMaskEditDlg.h">
      <Filter>헤더 파일\Dialog</Filter>
    </ClInclude>
    <ClInclude Include="CFeatureAdd_Arc_SubDlg.h">
      <Filter>소스 파일\Dialog\SubDlg</Filter>
    </ClInclude>
    <ClInclude Include="CFeatureAdd_Surface_SubDlg.h">
      <Filter>소스 파일\Dialog\SubDlg</Filter>
    </ClInclude>
    <ClInclude Include="CFeatureEdit_CopyDlg.h">
      <Filter>헤더 파일\Dialog</Filter>
    </ClInclude>
    <ClInclude Include="CFeatureEdit_RotateDlg.h">
      <Filter>헤더 파일\Dialog</Filter>
    </ClInclude>
    <ClInclude Include="CFeatureAdd_TP_SubDlg.h">
      <Filter>소스 파일\Dialog\SubDlg</Filter>
    </ClInclude>
    <ClInclude Include="CFeatureEdit_FeatureDlg.h">
      <Filter>헤더 파일\Dialog</Filter>
    </ClInclude>
    <ClInclude Include="CSaveAsDlg.h">
      <Filter>헤더 파일\Dialog</Filter>
    </ClInclude>
    <ClInclude Include="Lib\D3DXBase .h">
      <Filter>헤더 파일\Lib</Filter>
    </ClInclude>
    <ClInclude Include="Lib\DDS.h">
      <Filter>헤더 파일\Lib</Filter>
    </ClInclude>
    <ClInclude Include="udpsock.h">
      <Filter>헤더 파일\Lib</Filter>
    </ClInclude>
    <ClInclude Include="MiniMapFormView_V2.h">
      <Filter>헤더 파일\FormView</Filter>
    </ClInclude>
    <ClInclude Include="MeasureInfoFormView_V2.h">
      <Filter>헤더 파일\FormView</Filter>
    </ClInclude>
    <ClInclude Include="MeasureInfoFormView.h">
      <Filter>헤더 파일\FormView</Filter>
    </ClInclude>
    <ClInclude Include="FeatureEditFormView.h">
      <Filter>헤더 파일\FormView</Filter>
    </ClInclude>
  </ItemGroup>
  <ItemGroup>
    <ClCompile Include="iMaster.cpp">
      <Filter>소스 파일</Filter>
    </ClCompile>
    <ClCompile Include="MainFrm.cpp">
      <Filter>소스 파일</Filter>
    </ClCompile>
    <ClCompile Include="iMasterDoc.cpp">
      <Filter>소스 파일</Filter>
    </ClCompile>
    <ClCompile Include="iMasterView.cpp">
      <Filter>소스 파일</Filter>
    </ClCompile>
    <ClCompile Include="pch.cpp">
      <Filter>소스 파일</Filter>
    </ClCompile>
    <ClCompile Include="Lib\StaticPanel.cpp">
      <Filter>소스 파일\Lib</Filter>
    </ClCompile>
    <ClCompile Include="Lib\FileTreeCtrl.cpp">
      <Filter>소스 파일\Lib</Filter>
    </ClCompile>
    <ClCompile Include="FormViewDocPane.cpp">
      <Filter>소스 파일\FormView</Filter>
    </ClCompile>
    <ClCompile Include="JobInfoFormView.cpp">
      <Filter>소스 파일\FormView</Filter>
    </ClCompile>
    <ClCompile Include="iMasterCommon.cpp">
      <Filter>소스 파일</Filter>
    </ClCompile>
    <ClCompile Include="LogViewDocPane.cpp">
      <Filter>소스 파일\FormView</Filter>
    </ClCompile>
    <ClCompile Include="Lib\ListBoxEx.cpp">
      <Filter>소스 파일\Lib</Filter>
    </ClCompile>
    <ClCompile Include="Lib\RoundProgress.cpp">
      <Filter>소스 파일\Lib</Filter>
    </ClCompile>
    <ClCompile Include="Lib\HeaderCtrlEx.cpp">
      <Filter>소스 파일\Lib</Filter>
    </ClCompile>
    <ClCompile Include="SettingsFormView.cpp">
      <Filter>소스 파일\FormView</Filter>
    </ClCompile>
    <ClCompile Include="ProgressDlg.cpp">
      <Filter>소스 파일\Dialog</Filter>
    </ClCompile>
    <ClCompile Include="SystemSpec.cpp">
      <Filter>소스 파일\FormView</Filter>
    </ClCompile>
    <ClCompile Include="LayerInfoFormView.cpp">
      <Filter>소스 파일\FormView</Filter>
    </ClCompile>
    <ClCompile Include="Lib\CustomListCtrl.cpp">
      <Filter>소스 파일\Lib</Filter>
    </ClCompile>
    <ClCompile Include="Lib\InPlaceCombo.cpp">
      <Filter>소스 파일\Lib</Filter>
    </ClCompile>
    <ClCompile Include="Lib\InPlaceEdit.cpp">
      <Filter>소스 파일\Lib</Filter>
    </ClCompile>
    <ClCompile Include="Lib\SpinBox.cpp">
      <Filter>소스 파일\Lib</Filter>
    </ClCompile>
    <ClCompile Include="Lib\MFCStatusBarEx.cpp">
      <Filter>소스 파일\Lib</Filter>
    </ClCompile>
    <ClCompile Include="ExtractLayerDlg.cpp">
      <Filter>소스 파일\Dialog</Filter>
    </ClCompile>
    <ClCompile Include="MakeMasterDlg.cpp">
      <Filter>소스 파일\Dialog</Filter>
    </ClCompile>
    <ClCompile Include="Lib\ColumnTreeCtrl.cpp">
      <Filter>소스 파일\Lib</Filter>
    </ClCompile>
    <ClCompile Include="CHistogram.cpp">
      <Filter>소스 파일\Dialog</Filter>
    </ClCompile>
    <ClCompile Include="CFeatureEdit_DeleteDlg.cpp">
      <Filter>소스 파일\Dialog</Filter>
    </ClCompile>
    <ClCompile Include="CFeatureEdit_MoveDlg.cpp">
      <Filter>소스 파일\Dialog</Filter>
    </ClCompile>
    <ClCompile Include="CFeatureEdit_ResizeDlg.cpp">
      <Filter>소스 파일\Dialog</Filter>
    </ClCompile>
    <ClCompile Include="MeasureInfoFormView.cpp">
      <Filter>소스 파일\FormView</Filter>
    </ClCompile>
    <ClCompile Include="udpsock.cpp">
      <Filter>소스 파일</Filter>
    </ClCompile>
    <ClCompile Include="CFeatureEdit_SymbolSelectDlg.cpp">
      <Filter>소스 파일\Dialog</Filter>
    </ClCompile>
    <ClCompile Include="CFeatureEdit_AddDlg.cpp">
      <Filter>소스 파일\Dialog</Filter>
    </ClCompile>
    <ClCompile Include="CFeatureAdd_Pad_SubDlg.cpp">
      <Filter>소스 파일\Dialog\SubDlg</Filter>
    </ClCompile>
    <ClCompile Include="CFeatureAdd_Line_SubDlg.cpp">
      <Filter>소스 파일\Dialog\SubDlg</Filter>
    </ClCompile>
    <ClCompile Include="..\_ExLib\FarPoint_Dll\fpspread_dll.cpp">
      <Filter>소스 파일\Lib\Spread</Filter>
    </ClCompile>
    <ClCompile Include="..\_ExLib\FarPoint_Dll\Ssdllmfc.cpp">
      <Filter>소스 파일\Lib\Spread</Filter>
    </ClCompile>
    <ClCompile Include="CMakeAttributeDlg.cpp">
      <Filter>소스 파일\Dialog\SubDlg</Filter>
    </ClCompile>
    <ClCompile Include="CMakeSymbolDlg.cpp">
      <Filter>소스 파일\Dialog\SubDlg</Filter>
    </ClCompile>
    <ClCompile Include="CSelectSymbolDlg.cpp">
      <Filter>소스 파일\Dialog\SubDlg</Filter>
    </ClCompile>
    <ClCompile Include="CAlignMaskEditDlg.cpp">
      <Filter>소스 파일\Dialog</Filter>
    </ClCompile>
    <ClCompile Include="CFeatureAdd_Arc_SubDlg.cpp">
      <Filter>소스 파일\Dialog\SubDlg</Filter>
    </ClCompile>
    <ClCompile Include="CFeatureAdd_Surface_SubDlg.cpp">
      <Filter>소스 파일\Dialog\SubDlg</Filter>
    </ClCompile>
    <ClCompile Include="CFeatureEdit_CopyDlg.cpp">
      <Filter>소스 파일\Dialog</Filter>
    </ClCompile>
    <ClCompile Include="CFeatureEdit_RotateDlg.cpp">
      <Filter>소스 파일\Dialog</Filter>
    </ClCompile>
    <ClCompile Include="CFeatureAdd_TP_SubDlg.cpp">
      <Filter>소스 파일\Dialog\SubDlg</Filter>
    </ClCompile>
    <ClCompile Include="CFeatureEdit_FeatureDlg.cpp">
      <Filter>소스 파일\Dialog</Filter>
    </ClCompile>
    <ClCompile Include="CSaveAsDlg.cpp">
      <Filter>소스 파일\Dialog</Filter>
    </ClCompile>
    <ClCompile Include="CFeatureEdit_AddDlg.cpp">
      <Filter>소스 파일\Dialog</Filter>
    </ClCompile>
    <ClCompile Include="CFeatureEdit_CopyDlg.cpp">
      <Filter>소스 파일\Dialog</Filter>
    </ClCompile>
    <ClCompile Include="CFeatureEdit_DeleteDlg.cpp">
      <Filter>소스 파일\Dialog</Filter>
    </ClCompile>
    <ClCompile Include="CFeatureEdit_FeatureDlg.cpp">
      <Filter>소스 파일\Dialog</Filter>
    </ClCompile>
    <ClCompile Include="CFeatureEdit_MoveDlg.cpp">
      <Filter>소스 파일\Dialog</Filter>
    </ClCompile>
    <ClCompile Include="CFeatureEdit_ResizeDlg.cpp">
      <Filter>소스 파일\Dialog</Filter>
    </ClCompile>
    <ClCompile Include="CFeatureEdit_RotateDlg.cpp">
      <Filter>소스 파일\Dialog</Filter>
    </ClCompile>
    <ClCompile Include="CFeatureEdit_SymbolSelectDlg.cpp">
      <Filter>소스 파일\Dialog</Filter>
    </ClCompile>
    <ClCompile Include="CFeatureAdd_Arc_SubDlg.cpp">
      <Filter>소스 파일\Dialog\SubDlg</Filter>
    </ClCompile>
    <ClCompile Include="CFeatureAdd_Line_SubDlg.cpp">
      <Filter>소스 파일\Dialog\SubDlg</Filter>
    </ClCompile>
    <ClCompile Include="CFeatureAdd_Pad_SubDlg.cpp">
      <Filter>소스 파일\Dialog\SubDlg</Filter>
    </ClCompile>
    <ClCompile Include="CFeatureAdd_Surface_SubDlg.cpp">
      <Filter>소스 파일\Dialog\SubDlg</Filter>
    </ClCompile>
    <ClCompile Include="CFeatureAdd_TP_SubDlg.cpp">
      <Filter>소스 파일\Dialog\SubDlg</Filter>
    </ClCompile>
    <ClCompile Include="CAlignMaskEditDlg.cpp">
      <Filter>소스 파일\Dialog</Filter>
    </ClCompile>
    <ClCompile Include="CamInfoFormView.cpp">
      <Filter>소스 파일</Filter>
    </ClCompile>
    <ClCompile Include="Lib\ButtonEx.cpp">
      <Filter>소스 파일</Filter>
    </ClCompile>
    <ClCompile Include="Lib\D3DXBase.cpp">
      <Filter>소스 파일\Lib</Filter>
    </ClCompile>
    <ClCompile Include="Lib\ButtonEx.cpp">
      <Filter>소스 파일\Lib</Filter>
    </ClCompile>
    <ClCompile Include="MiniMapFormView_V2.cpp">
      <Filter>소스 파일\FormView</Filter>
    </ClCompile>
    <ClCompile Include="CamInfoFormView.cpp">
      <Filter>소스 파일\FormView</Filter>
    </ClCompile>
    <ClCompile Include="MeasureInfoFormView_V2.cpp">
      <Filter>소스 파일\FormView</Filter>
    </ClCompile>
    <ClCompile Include="MeasureInfoFormView.cpp">
      <Filter>헤더 파일\FormView</Filter>
    </ClCompile>
    <ClCompile Include="MeasureInfoFormView.cpp">
      <Filter>소스 파일\FormView</Filter>
    </ClCompile>
    <ClCompile Include="FeatureEditFormView.cpp">
      <Filter>소스 파일\FormView</Filter>
    </ClCompile>
  </ItemGroup>
  <ItemGroup>
    <Image Include="Lib\TREEBTNS.bmp" />
    <Image Include="res\Cell_Area.ico" />
    <Image Include="res\classview.bmp" />
    <Image Include="res\classview_hc.bmp" />
    <Image Include="res\class_view.ico" />
    <Image Include="res\class_view_hc.ico" />
    <Image Include="res\corp.bmp" />
    <Image Include="res\draw_rgn.ico" />
    <Image Include="res\edit_add.ico" />
    <Image Include="res\edit_delete.ico" />
    <Image Include="res\edit_mode.ico" />
    <Image Include="res\edit_move.ico" />
    <Image Include="res\edit_resize.ico" />
    <Image Include="res\explorer.bmp" />
    <Image Include="res\explorer_hc.bmp" />
    <Image Include="res\fileview.bmp" />
    <Image Include="res\fileview_hc.bmp" />
    <Image Include="res\file_view.ico" />
    <Image Include="res\file_view_hc.ico" />
    <Image Include="res\fov_hjigjag_icon.ico" />
    <Image Include="res\fov_hscan_icon.ico" />
    <Image Include="res\fov_icon.ico" />
    <Image Include="res\fov_vjigjag_icon.ico" />
    <Image Include="res\fov_vscan_icon.ico" />
    <Image Include="res\front_side.ico" />
    <Image Include="res\iMaster.ico" />
    <Image Include="res\iMasterDoc.ico" />
    <Image Include="res\LineScan.ico" />
    <Image Include="res\Load_ICON.ico" />
    <Image Include="res\load_layer_ICON.ico" />
    <Image Include="res\Log_ICON.ico" />
    <Image Include="res\Map_ICON.ico" />
    <Image Include="res\mask_rgn.ico" />
    <Image Include="res\MasterImage.ico" />
    <Image Include="res\menuimages.bmp" />
    <Image Include="res\menuimages_hc.bmp" />
    <Image Include="res\mirror.ico" />
    <Image Include="res\mirror_v.ico" />
    <Image Include="res\output_wnd.ico" />
    <Image Include="res\output_wnd_hc.ico" />
    <Image Include="res\PanelMode.ico" />
    <Image Include="res\panel_rgn.ico" />
    <Image Include="res\preview.ico" />
    <Image Include="res\profile.ico" />
    <Image Include="res\prohibit.ico" />
    <Image Include="res\properties.bmp" />
    <Image Include="res\properties_hc.bmp" />
    <Image Include="res\properties_wnd.ico" />
    <Image Include="res\properties_wnd_hc.ico" />
    <Image Include="res\refresh.ico" />
    <Image Include="res\Ruler.ico" />
    <Image Include="res\SelectLayer.ico" />
    <Image Include="res\SettingImage.ico" />
    <Image Include="res\show_boundary.ico" />
    <Image Include="res\sort.bmp" />
    <Image Include="res\sort_hc.bmp" />
    <Image Include="res\stepRepeat.ico" />
    <Image Include="res\strip_rgn.ico" />
    <Image Include="res\Toolbar.bmp" />
    <Image Include="res\Toolbar256.bmp" />
    <Image Include="res\transfer.ico" />
    <Image Include="res\unit_rgn.ico" />
    <Image Include="res\userimages.bmp" />
    <Image Include="res\Version.ico" />
    <Image Include="res\View_ICON.ico" />
    <Image Include="res\alignment.ico">
      <Filter>리소스 파일</Filter>
    </Image>
    <Image Include="res\CellData.ico">
      <Filter>리소스 파일</Filter>
    </Image>
    <Image Include="res\depth.ico">
      <Filter>리소스 파일</Filter>
    </Image>
    <Image Include="res\Minimap.ico">
      <Filter>리소스 파일</Filter>
    </Image>
    <Image Include="res\postSR.ico">
      <Filter>리소스 파일</Filter>
    </Image>
    <Image Include="res\preSR.ico">
      <Filter>리소스 파일</Filter>
    </Image>
    <Image Include="res\Save.ico">
      <Filter>리소스 파일</Filter>
    </Image>
    <Image Include="res\SaveAs.ico">
      <Filter>리소스 파일</Filter>
    </Image>
    <Image Include="res\thickness.ico">
      <Filter>리소스 파일</Filter>
    </Image>
    <Image Include="res\90_rotation.ico">
      <Filter>리소스 파일</Filter>
    </Image>
    <Image Include="res\180_rotation.ico">
      <Filter>리소스 파일</Filter>
    </Image>
    <Image Include="res\270_rotation.ico">
      <Filter>리소스 파일</Filter>
    </Image>
    <Image Include="res\360_rotation.ico">
      <Filter>리소스 파일</Filter>
    </Image>
    <Image Include="res\align_rgn.ico">
      <Filter>리소스 파일</Filter>
    </Image>
    <Image Include="res\AreaScan.ico">
      <Filter>리소스 파일</Filter>
    </Image>
    <Image Include="res\back_side.ico">
      <Filter>리소스 파일</Filter>
    </Image>
    <Image Include="res\Circle.bmp">
      <Filter>리소스 파일</Filter>
    </Image>
    <Image Include="res\Square.bmp">
      <Filter>리소스 파일</Filter>
    </Image>
    <Image Include="res\Butterfly.bmp">
      <Filter>리소스 파일</Filter>
    </Image>
    <Image Include="res\Chamfered Rectangle.bmp">
      <Filter>리소스 파일</Filter>
    </Image>
    <Image Include="res\Diamond.bmp">
      <Filter>리소스 파일</Filter>
    </Image>
    <Image Include="res\Ellipse.bmp">
      <Filter>리소스 파일</Filter>
    </Image>
    <Image Include="res\Half Oval.bmp">
      <Filter>리소스 파일</Filter>
    </Image>
    <Image Include="res\Horizontal Hexagon.bmp">
      <Filter>리소스 파일</Filter>
    </Image>
    <Image Include="res\Moire.bmp">
      <Filter>리소스 파일</Filter>
    </Image>
    <Image Include="res\Octagon.bmp">
      <Filter>리소스 파일</Filter>
    </Image>
    <Image Include="res\Oval.bmp">
      <Filter>리소스 파일</Filter>
    </Image>
    <Image Include="res\Rectangle.bmp">
      <Filter>리소스 파일</Filter>
    </Image>
    <Image Include="res\Round Donut.bmp">
      <Filter>리소스 파일</Filter>
    </Image>
    <Image Include="res\Rounded Rectangle.bmp">
      <Filter>리소스 파일</Filter>
    </Image>
    <Image Include="res\Square Butterfly.bmp">
      <Filter>리소스 파일</Filter>
    </Image>
    <Image Include="res\Square Donut.bmp">
      <Filter>리소스 파일</Filter>
    </Image>
    <Image Include="res\Square Thermal (Open Corners).bmp">
      <Filter>리소스 파일</Filter>
    </Image>
    <Image Include="res\Square Thermal.bmp">
      <Filter>리소스 파일</Filter>
    </Image>
    <Image Include="res\Square-Round Thermal.bmp">
      <Filter>리소스 파일</Filter>
    </Image>
    <Image Include="res\Triangle.bmp">
      <Filter>리소스 파일</Filter>
    </Image>
    <Image Include="res\Vertical Hexagon.bmp">
      <Filter>리소스 파일</Filter>
    </Image>
    <Image Include="res\Hole.bmp">
      <Filter>리소스 파일</Filter>
    </Image>
    <Image Include="res\Round Thermal (Rounded).bmp">
      <Filter>리소스 파일</Filter>
    </Image>
    <Image Include="res\RectangularThermal.bmp">
      <Filter>리소스 파일</Filter>
    </Image>
    <Image Include="res\RectangularThermalOpenCorners.bmp">
      <Filter>리소스 파일</Filter>
    </Image>
    <Image Include="res\RoundThermalSquared.bmp">
      <Filter>리소스 파일</Filter>
    </Image>
    <Image Include="res\ChamfereRect.bmp">
      <Filter>리소스 파일</Filter>
    </Image>
    <Image Include="res\RoundedRect.bmp">
      <Filter>리소스 파일</Filter>
    </Image>
    <Image Include="res\bitmap3.bmp">
      <Filter>리소스 파일</Filter>
    </Image>
    <Image Include="res\smallfeature.bmp">
      <Filter>리소스 파일</Filter>
    </Image>
    <Image Include="res\empty.ico">
      <Filter>리소스 파일</Filter>
    </Image>
    <Image Include="res\small_add_feature.bmp">
      <Filter>리소스 파일</Filter>
    </Image>
  </ItemGroup>
  <ItemGroup>
    <None Include="res\iMaster.rc2" />
    <Image Include="res\file_view.ico">
      <Filter>리소스 파일</Filter>
    </Image>
    <Image Include="res\file_view_hc.ico">
      <Filter>리소스 파일</Filter>
    </Image>
    <Image Include="res\class_view.ico">
      <Filter>리소스 파일</Filter>
    </Image>
    <Image Include="res\class_view_hc.ico">
      <Filter>리소스 파일</Filter>
    </Image>
    <Image Include="res\fileview.bmp">
      <Filter>리소스 파일</Filter>
    </Image>
    <Image Include="res\fileview_hc.bmp">
      <Filter>리소스 파일</Filter>
    </Image>
    <Image Include="res\classview.bmp">
      <Filter>리소스 파일</Filter>
    </Image>
    <Image Include="res\classview_hc.bmp">
      <Filter>리소스 파일</Filter>
    </Image>
    <Image Include="res\explorer.bmp">
      <Filter>리소스 파일</Filter>
    </Image>
    <Image Include="res\explorer_hc.bmp">
      <Filter>리소스 파일</Filter>
    </Image>
    <Image Include="res\sort.bmp">
      <Filter>리소스 파일</Filter>
    </Image>
    <Image Include="res\sort_hc.bmp">
      <Filter>리소스 파일</Filter>
    </Image>
    <Image Include="res\menuimages.bmp">
      <Filter>리소스 파일</Filter>
    </Image>
    <Image Include="res\menuimages_hc.bmp">
      <Filter>리소스 파일</Filter>
    </Image>
    <Image Include="res\output_wnd.ico">
      <Filter>리소스 파일</Filter>
    </Image>
    <Image Include="res\output_wnd_hc.ico">
      <Filter>리소스 파일</Filter>
    </Image>
    <Image Include="res\properties_wnd.ico">
      <Filter>리소스 파일</Filter>
    </Image>
    <Image Include="res\properties_wnd_hc.ico">
      <Filter>리소스 파일</Filter>
    </Image>
    <Image Include="res\properties.bmp">
      <Filter>리소스 파일</Filter>
    </Image>
    <Image Include="res\properties_hc.bmp">
      <Filter>리소스 파일</Filter>
    </Image>
    <Image Include="res\userimages.bmp">
      <Filter>리소스 파일</Filter>
    </Image>
    <Image Include="res\iMasterDoc.ico">
      <Filter>리소스 파일</Filter>
    </Image>
    <Image Include="res\iMaster.ico">
      <Filter>리소스 파일</Filter>
    </Image>
    <Image Include="res\Toolbar.bmp">
      <Filter>리소스 파일</Filter>
    </Image>
    <Image Include="res\Toolbar256.bmp">
      <Filter>리소스 파일</Filter>
    </Image>
    <Image Include="res\corp.bmp">
      <Filter>리소스 파일</Filter>
    </Image>
    <Image Include="res\refresh.ico">
      <Filter>리소스 파일</Filter>
    </Image>
    <Image Include="res\SettingImage.ico">
      <Filter>리소스 파일</Filter>
    </Image>
    <Image Include="res\LineScan.ico">
      <Filter>리소스 파일</Filter>
    </Image>
    <Image Include="res\AreaScan.ico">
      <Filter>리소스 파일</Filter>
    </Image>
    <Image Include="res\PanelMode.ico">
      <Filter>리소스 파일</Filter>
    </Image>
    <Image Include="res\load_layer_ICON.ico">
      <Filter>리소스 파일</Filter>
    </Image>
    <Image Include="res\MasterImage.ico">
      <Filter>리소스 파일</Filter>
    </Image>
    <Image Include="res\transfer.ico">
      <Filter>리소스 파일</Filter>
    </Image>
    <Image Include="res\Load_ICON.ico">
      <Filter>리소스 파일</Filter>
    </Image>
    <Image Include="res\View_ICON.ico">
      <Filter>리소스 파일</Filter>
    </Image>
    <Image Include="res\SelectLayer.ico">
      <Filter>리소스 파일</Filter>
    </Image>
    <Image Include="res\Log_ICON.ico">
      <Filter>리소스 파일</Filter>
    </Image>
    <Image Include="res\fov_icon.ico">
      <Filter>리소스 파일</Filter>
    </Image>
    <Image Include="res\Cell_Area.ico">
      <Filter>리소스 파일</Filter>
    </Image>
    <Image Include="res\profile.ico">
      <Filter>리소스 파일</Filter>
    </Image>
    <Image Include="res\prohibit.ico">
      <Filter>리소스 파일</Filter>
    </Image>
    <Image Include="res\stepRepeat.ico">
      <Filter>리소스 파일</Filter>
    </Image>
    <Image Include="res\mirror.ico">
      <Filter>리소스 파일</Filter>
    </Image>
    <Image Include="res\90_rotation.ico">
      <Filter>리소스 파일</Filter>
    </Image>
    <Image Include="res\180_rotation.ico">
      <Filter>리소스 파일</Filter>
    </Image>
    <Image Include="res\270_rotation.ico">
      <Filter>리소스 파일</Filter>
    </Image>
    <Image Include="res\360_rotation.ico">
      <Filter>리소스 파일</Filter>
    </Image>
    <Image Include="res\fov_hscan_icon.ico">
      <Filter>리소스 파일</Filter>
    </Image>
    <Image Include="res\fov_vscan_icon.ico">
      <Filter>리소스 파일</Filter>
    </Image>
    <Image Include="res\fov_hjigjag_icon.ico">
      <Filter>리소스 파일</Filter>
    </Image>
    <Image Include="res\fov_vjigjag_icon.ico">
      <Filter>리소스 파일</Filter>
    </Image>
    <Image Include="res\Version.ico">
      <Filter>리소스 파일</Filter>
    </Image>
    <Image Include="res\Ruler.ico">
      <Filter>리소스 파일</Filter>
    </Image>
    <Image Include="Lib\TREEBTNS.bmp">
      <Filter>리소스 파일</Filter>
    </Image>
    <Image Include="res\front_side.ico">
      <Filter>리소스 파일</Filter>
    </Image>
    <Image Include="res\back_side.ico">
      <Filter>리소스 파일</Filter>
    </Image>
    <Image Include="res\Map_ICON.ico">
      <Filter>리소스 파일</Filter>
    </Image>
    <Image Include="res\edit_mode.ico">
      <Filter>리소스 파일</Filter>
    </Image>
    <Image Include="res\edit_add.ico">
      <Filter>리소스 파일</Filter>
    </Image>
    <Image Include="res\edit_delete.ico">
      <Filter>리소스 파일</Filter>
    </Image>
    <Image Include="res\edit_move.ico">
      <Filter>리소스 파일</Filter>
    </Image>
    <Image Include="res\edit_resize.ico">
      <Filter>리소스 파일</Filter>
    </Image>
    <Image Include="res\show_boundary.ico">
      <Filter>리소스 파일</Filter>
    </Image>
    <Image Include="res\mirror_v.ico">
      <Filter>리소스 파일</Filter>
    </Image>
    <Image Include="res\align_rgn.ico">
      <Filter>리소스 파일</Filter>
    </Image>
    <Image Include="res\mask_rgn.ico">
      <Filter>리소스 파일</Filter>
    </Image>
    <Image Include="res\unit_rgn.ico">
      <Filter>리소스 파일</Filter>
    </Image>
    <Image Include="res\draw_rgn.ico">
      <Filter>리소스 파일</Filter>
    </Image>
    <Image Include="res\strip_rgn.ico">
      <Filter>리소스 파일</Filter>
    </Image>
    <Image Include="res\panel_rgn.ico">
      <Filter>리소스 파일</Filter>
    </Image>
    <Image Include="res\preview.ico">
      <Filter>리소스 파일</Filter>
    </Image>
  </ItemGroup>
  <ItemGroup>
    <None Include="res\iMaster.rc2">
      <Filter>리소스 파일</Filter>
    </None>
  </ItemGroup>
  <ItemGroup>
    <ResourceCompile Include="iMaster.rc">
      <Filter>리소스 파일</Filter>
    </ResourceCompile>
  </ItemGroup>
</Project>