
Microsoft Visual Studio Solution File, Format Version 12.00
# Visual Studio 15
VisualStudioVersion = 15.0.28307.1267
MinimumVisualStudioVersion = 10.0.40219.1
Project("{8BC9CEB8-8B4A-11D0-8D11-00A0C91BC942}") = "iMaster", "iMaster\iMaster.vcxproj", "{DBFB8BE6-1180-40E5-A3BB-920DC6367B4A}"
	ProjectSection(ProjectDependencies) = postProject
		{77696C37-A19E-445E-803B-B58DF8293870} = {77696C37-A19E-445E-803B-B58DF8293870}
		{EAE4CE3F-B53C-4E9E-A012-9981ADD88E5A} = {EAE4CE3F-B53C-4E9E-A012-9981ADD88E5A}
		{64BEA75A-EA47-40CA-9702-5AE331DA9BD3} = {64BEA75A-EA47-40CA-9702-5AE331DA9BD3}
		{26D205BA-341E-4EF4-BCFA-6F1A4B9F05BB} = {26D205BA-341E-4EF4-BCFA-6F1A4B9F05BB}
		{4332EEED-5673-482D-B85D-A04142F14817} = {4332EEED-5673-482D-B85D-A04142F14817}
		{7D9B1BF8-6C26-48E8-9B0C-D0A1D0D03AA0} = {7D9B1BF8-6C26-48E8-9B0C-D0A1D0D03AA0}
		{EF8067FC-176F-4F00-8AEE-2CD14BCA9504} = {EF8067FC-176F-4F00-8AEE-2CD14BCA9504}
	EndProjectSection
EndProject
Project("{2150E333-8FDC-42A3-9474-1A3956D46DE8}") = "Archive_Draw", "Archive_Draw", "{BB726D2B-C0C9-4199-B5F1-41C247981AE8}"
EndProject
Project("{2150E333-8FDC-42A3-9474-1A3956D46DE8}") = "Common", "Common", "{7EAE6B91-A01B-4B1E-9830-BA44EA329A06}"
EndProject
Project("{8BC9CEB8-8B4A-11D0-8D11-00A0C91BC942}") = "iCommonIF", "iCommonIF\iCommonIF.vcxproj", "{EF8067FC-176F-4F00-8AEE-2CD14BCA9504}"
	ProjectSection(ProjectDependencies) = postProject
		{7D9B1BF8-6C26-48E8-9B0C-D0A1D0D03AA0} = {7D9B1BF8-6C26-48E8-9B0C-D0A1D0D03AA0}
	EndProjectSection
EndProject
Project("{8BC9CEB8-8B4A-11D0-8D11-00A0C91BC942}") = "iArchiveIF", "iArchiveIF\iArchiveIF.vcxproj", "{26D205BA-341E-4EF4-BCFA-6F1A4B9F05BB}"
	ProjectSection(ProjectDependencies) = postProject
		{77696C37-A19E-445E-803B-B58DF8293870} = {77696C37-A19E-445E-803B-B58DF8293870}
		{EAE4CE3F-B53C-4E9E-A012-9981ADD88E5A} = {EAE4CE3F-B53C-4E9E-A012-9981ADD88E5A}
		{FF75A1F6-0A5B-445D-B9F1-F81F4E6E7165} = {FF75A1F6-0A5B-445D-B9F1-F81F4E6E7165}
		{7D9B1BF8-6C26-48E8-9B0C-D0A1D0D03AA0} = {7D9B1BF8-6C26-48E8-9B0C-D0A1D0D03AA0}
		{EF8067FC-176F-4F00-8AEE-2CD14BCA9504} = {EF8067FC-176F-4F00-8AEE-2CD14BCA9504}
	EndProjectSection
EndProject
Project("{8BC9CEB8-8B4A-11D0-8D11-00A0C91BC942}") = "iUtilities", "iUtilities\iUtilities.vcxproj", "{7D9B1BF8-6C26-48E8-9B0C-D0A1D0D03AA0}"
EndProject
Project("{8BC9CEB8-8B4A-11D0-8D11-00A0C91BC942}") = "iArchive", "iArchive\iArchive.vcxproj", "{EAE4CE3F-B53C-4E9E-A012-9981ADD88E5A}"
	ProjectSection(ProjectDependencies) = postProject
		{77696C37-A19E-445E-803B-B58DF8293870} = {77696C37-A19E-445E-803B-B58DF8293870}
		{7D9B1BF8-6C26-48E8-9B0C-D0A1D0D03AA0} = {7D9B1BF8-6C26-48E8-9B0C-D0A1D0D03AA0}
		{EF8067FC-176F-4F00-8AEE-2CD14BCA9504} = {EF8067FC-176F-4F00-8AEE-2CD14BCA9504}
	EndProjectSection
EndProject
Project("{8BC9CEB8-8B4A-11D0-8D11-00A0C91BC942}") = "iODB", "iODB\iODB.vcxproj", "{77696C37-A19E-445E-803B-B58DF8293870}"
EndProject
Project("{8BC9CEB8-8B4A-11D0-8D11-00A0C91BC942}") = "iDxDraw", "iDxDraw\iDxDraw.vcxproj", "{FF75A1F6-0A5B-445D-B9F1-F81F4E6E7165}"
	ProjectSection(ProjectDependencies) = postProject
		{7D9B1BF8-6C26-48E8-9B0C-D0A1D0D03AA0} = {7D9B1BF8-6C26-48E8-9B0C-D0A1D0D03AA0}
		{EF8067FC-176F-4F00-8AEE-2CD14BCA9504} = {EF8067FC-176F-4F00-8AEE-2CD14BCA9504}
	EndProjectSection
EndProject
Project("{8BC9CEB8-8B4A-11D0-8D11-00A0C91BC942}") = "iProcess", "iProcess\iProcess.vcxproj", "{4332EEED-5673-482D-B85D-A04142F14817}"
	ProjectSection(ProjectDependencies) = postProject
		{77696C37-A19E-445E-803B-B58DF8293870} = {77696C37-A19E-445E-803B-B58DF8293870}
		{64BEA75A-EA47-40CA-9702-5AE331DA9BD3} = {64BEA75A-EA47-40CA-9702-5AE331DA9BD3}
		{FF75A1F6-0A5B-445D-B9F1-F81F4E6E7165} = {FF75A1F6-0A5B-445D-B9F1-F81F4E6E7165}
		{7D9B1BF8-6C26-48E8-9B0C-D0A1D0D03AA0} = {7D9B1BF8-6C26-48E8-9B0C-D0A1D0D03AA0}
		{EF8067FC-176F-4F00-8AEE-2CD14BCA9504} = {EF8067FC-176F-4F00-8AEE-2CD14BCA9504}
	EndProjectSection
EndProject
Project("{8BC9CEB8-8B4A-11D0-8D11-00A0C91BC942}") = "iTinyXML", "iTinyXML\iTinyXML.vcxproj", "{64BEA75A-EA47-40CA-9702-5AE331DA9BD3}"
EndProject
Global
	GlobalSection(SolutionConfigurationPlatforms) = preSolution
		Debug|x64 = Debug|x64
		Debug|x86 = Debug|x86
		Release|x64 = Release|x64
		Release|x86 = Release|x86
	EndGlobalSection
	GlobalSection(ProjectConfigurationPlatforms) = postSolution
		{DBFB8BE6-1180-40E5-A3BB-920DC6367B4A}.Debug|x64.ActiveCfg = Debug|x64
		{DBFB8BE6-1180-40E5-A3BB-920DC6367B4A}.Debug|x64.Build.0 = Debug|x64
		{DBFB8BE6-1180-40E5-A3BB-920DC6367B4A}.Debug|x86.ActiveCfg = Debug|Win32
		{DBFB8BE6-1180-40E5-A3BB-920DC6367B4A}.Debug|x86.Build.0 = Debug|Win32
		{DBFB8BE6-1180-40E5-A3BB-920DC6367B4A}.Release|x64.ActiveCfg = Release|x64
		{DBFB8BE6-1180-40E5-A3BB-920DC6367B4A}.Release|x64.Build.0 = Release|x64
		{DBFB8BE6-1180-40E5-A3BB-920DC6367B4A}.Release|x86.ActiveCfg = Release|Win32
		{DBFB8BE6-1180-40E5-A3BB-920DC6367B4A}.Release|x86.Build.0 = Release|Win32
		{EF8067FC-176F-4F00-8AEE-2CD14BCA9504}.Debug|x64.ActiveCfg = Debug|x64
		{EF8067FC-176F-4F00-8AEE-2CD14BCA9504}.Debug|x64.Build.0 = Debug|x64
		{EF8067FC-176F-4F00-8AEE-2CD14BCA9504}.Debug|x86.ActiveCfg = Debug|Win32
		{EF8067FC-176F-4F00-8AEE-2CD14BCA9504}.Debug|x86.Build.0 = Debug|Win32
		{EF8067FC-176F-4F00-8AEE-2CD14BCA9504}.Release|x64.ActiveCfg = Release|x64
		{EF8067FC-176F-4F00-8AEE-2CD14BCA9504}.Release|x64.Build.0 = Release|x64
		{EF8067FC-176F-4F00-8AEE-2CD14BCA9504}.Release|x86.ActiveCfg = Release|Win32
		{EF8067FC-176F-4F00-8AEE-2CD14BCA9504}.Release|x86.Build.0 = Release|Win32
		{26D205BA-341E-4EF4-BCFA-6F1A4B9F05BB}.Debug|x64.ActiveCfg = Debug|x64
		{26D205BA-341E-4EF4-BCFA-6F1A4B9F05BB}.Debug|x64.Build.0 = Debug|x64
		{26D205BA-341E-4EF4-BCFA-6F1A4B9F05BB}.Debug|x86.ActiveCfg = Debug|Win32
		{26D205BA-341E-4EF4-BCFA-6F1A4B9F05BB}.Debug|x86.Build.0 = Debug|Win32
		{26D205BA-341E-4EF4-BCFA-6F1A4B9F05BB}.Release|x64.ActiveCfg = Release|x64
		{26D205BA-341E-4EF4-BCFA-6F1A4B9F05BB}.Release|x64.Build.0 = Release|x64
		{26D205BA-341E-4EF4-BCFA-6F1A4B9F05BB}.Release|x86.ActiveCfg = Release|Win32
		{26D205BA-341E-4EF4-BCFA-6F1A4B9F05BB}.Release|x86.Build.0 = Release|Win32
		{7D9B1BF8-6C26-48E8-9B0C-D0A1D0D03AA0}.Debug|x64.ActiveCfg = Debug|x64
		{7D9B1BF8-6C26-48E8-9B0C-D0A1D0D03AA0}.Debug|x64.Build.0 = Debug|x64
		{7D9B1BF8-6C26-48E8-9B0C-D0A1D0D03AA0}.Debug|x86.ActiveCfg = Debug|Win32
		{7D9B1BF8-6C26-48E8-9B0C-D0A1D0D03AA0}.Debug|x86.Build.0 = Debug|Win32
		{7D9B1BF8-6C26-48E8-9B0C-D0A1D0D03AA0}.Release|x64.ActiveCfg = Release|x64
		{7D9B1BF8-6C26-48E8-9B0C-D0A1D0D03AA0}.Release|x64.Build.0 = Release|x64
		{7D9B1BF8-6C26-48E8-9B0C-D0A1D0D03AA0}.Release|x86.ActiveCfg = Release|Win32
		{7D9B1BF8-6C26-48E8-9B0C-D0A1D0D03AA0}.Release|x86.Build.0 = Release|Win32
		{EAE4CE3F-B53C-4E9E-A012-9981ADD88E5A}.Debug|x64.ActiveCfg = Debug|x64
		{EAE4CE3F-B53C-4E9E-A012-9981ADD88E5A}.Debug|x64.Build.0 = Debug|x64
		{EAE4CE3F-B53C-4E9E-A012-9981ADD88E5A}.Debug|x86.ActiveCfg = Debug|Win32
		{EAE4CE3F-B53C-4E9E-A012-9981ADD88E5A}.Debug|x86.Build.0 = Debug|Win32
		{EAE4CE3F-B53C-4E9E-A012-9981ADD88E5A}.Release|x64.ActiveCfg = Release|x64
		{EAE4CE3F-B53C-4E9E-A012-9981ADD88E5A}.Release|x64.Build.0 = Release|x64
		{EAE4CE3F-B53C-4E9E-A012-9981ADD88E5A}.Release|x86.ActiveCfg = Release|Win32
		{EAE4CE3F-B53C-4E9E-A012-9981ADD88E5A}.Release|x86.Build.0 = Release|Win32
		{77696C37-A19E-445E-803B-B58DF8293870}.Debug|x64.ActiveCfg = Debug|x64
		{77696C37-A19E-445E-803B-B58DF8293870}.Debug|x64.Build.0 = Debug|x64
		{77696C37-A19E-445E-803B-B58DF8293870}.Debug|x86.ActiveCfg = Debug|Win32
		{77696C37-A19E-445E-803B-B58DF8293870}.Debug|x86.Build.0 = Debug|Win32
		{77696C37-A19E-445E-803B-B58DF8293870}.Release|x64.ActiveCfg = Release|x64
		{77696C37-A19E-445E-803B-B58DF8293870}.Release|x64.Build.0 = Release|x64
		{77696C37-A19E-445E-803B-B58DF8293870}.Release|x86.ActiveCfg = Release|Win32
		{77696C37-A19E-445E-803B-B58DF8293870}.Release|x86.Build.0 = Release|Win32
		{FF75A1F6-0A5B-445D-B9F1-F81F4E6E7165}.Debug|x64.ActiveCfg = Debug|x64
		{FF75A1F6-0A5B-445D-B9F1-F81F4E6E7165}.Debug|x64.Build.0 = Debug|x64
		{FF75A1F6-0A5B-445D-B9F1-F81F4E6E7165}.Debug|x86.ActiveCfg = Debug|Win32
		{FF75A1F6-0A5B-445D-B9F1-F81F4E6E7165}.Debug|x86.Build.0 = Debug|Win32
		{FF75A1F6-0A5B-445D-B9F1-F81F4E6E7165}.Release|x64.ActiveCfg = Release|x64
		{FF75A1F6-0A5B-445D-B9F1-F81F4E6E7165}.Release|x64.Build.0 = Release|x64
		{FF75A1F6-0A5B-445D-B9F1-F81F4E6E7165}.Release|x86.ActiveCfg = Release|Win32
		{FF75A1F6-0A5B-445D-B9F1-F81F4E6E7165}.Release|x86.Build.0 = Release|Win32
		{4332EEED-5673-482D-B85D-A04142F14817}.Debug|x64.ActiveCfg = Debug|x64
		{4332EEED-5673-482D-B85D-A04142F14817}.Debug|x64.Build.0 = Debug|x64
		{4332EEED-5673-482D-B85D-A04142F14817}.Debug|x86.ActiveCfg = Debug|Win32
		{4332EEED-5673-482D-B85D-A04142F14817}.Debug|x86.Build.0 = Debug|Win32
		{4332EEED-5673-482D-B85D-A04142F14817}.Release|x64.ActiveCfg = Release|x64
		{4332EEED-5673-482D-B85D-A04142F14817}.Release|x64.Build.0 = Release|x64
		{4332EEED-5673-482D-B85D-A04142F14817}.Release|x86.ActiveCfg = Release|Win32
		{4332EEED-5673-482D-B85D-A04142F14817}.Release|x86.Build.0 = Release|Win32
		{64BEA75A-EA47-40CA-9702-5AE331DA9BD3}.Debug|x64.ActiveCfg = Debug|x64
		{64BEA75A-EA47-40CA-9702-5AE331DA9BD3}.Debug|x64.Build.0 = Debug|x64
		{64BEA75A-EA47-40CA-9702-5AE331DA9BD3}.Debug|x86.ActiveCfg = Debug|Win32
		{64BEA75A-EA47-40CA-9702-5AE331DA9BD3}.Debug|x86.Build.0 = Debug|Win32
		{64BEA75A-EA47-40CA-9702-5AE331DA9BD3}.Release|x64.ActiveCfg = Release|x64
		{64BEA75A-EA47-40CA-9702-5AE331DA9BD3}.Release|x64.Build.0 = Release|x64
		{64BEA75A-EA47-40CA-9702-5AE331DA9BD3}.Release|x86.ActiveCfg = Release|Win32
		{64BEA75A-EA47-40CA-9702-5AE331DA9BD3}.Release|x86.Build.0 = Release|Win32
	EndGlobalSection
	GlobalSection(SolutionProperties) = preSolution
		HideSolutionNode = FALSE
	EndGlobalSection
	GlobalSection(NestedProjects) = preSolution
		{EF8067FC-176F-4F00-8AEE-2CD14BCA9504} = {7EAE6B91-A01B-4B1E-9830-BA44EA329A06}
		{26D205BA-341E-4EF4-BCFA-6F1A4B9F05BB} = {7EAE6B91-A01B-4B1E-9830-BA44EA329A06}
		{7D9B1BF8-6C26-48E8-9B0C-D0A1D0D03AA0} = {7EAE6B91-A01B-4B1E-9830-BA44EA329A06}
		{EAE4CE3F-B53C-4E9E-A012-9981ADD88E5A} = {BB726D2B-C0C9-4199-B5F1-41C247981AE8}
		{77696C37-A19E-445E-803B-B58DF8293870} = {7EAE6B91-A01B-4B1E-9830-BA44EA329A06}
		{FF75A1F6-0A5B-445D-B9F1-F81F4E6E7165} = {BB726D2B-C0C9-4199-B5F1-41C247981AE8}
		{4332EEED-5673-482D-B85D-A04142F14817} = {BB726D2B-C0C9-4199-B5F1-41C247981AE8}
		{64BEA75A-EA47-40CA-9702-5AE331DA9BD3} = {7EAE6B91-A01B-4B1E-9830-BA44EA329A06}
	EndGlobalSection
	GlobalSection(ExtensibilityGlobals) = postSolution
		SolutionGuid = {140E8045-501D-4E97-A340-ECDC00A32DC3}
	EndGlobalSection
EndGlobal
