<?xml version="1.0" encoding="utf-8"?>
<Project ToolsVersion="4.0" xmlns="http://schemas.microsoft.com/developer/msbuild/2003">
  <ItemGroup>
    <Filter Include="소스 파일">
      <UniqueIdentifier>{4FC737F1-C7A5-4376-A066-2A32D752A2FF}</UniqueIdentifier>
      <Extensions>cpp;c;cc;cxx;def;odl;idl;hpj;bat;asm;asmx</Extensions>
    </Filter>
    <Filter Include="헤더 파일">
      <UniqueIdentifier>{93995380-89BD-4b04-88EB-625FBE52EBFB}</UniqueIdentifier>
      <Extensions>h;hh;hpp;hxx;hm;inl;inc;ipp;xsd</Extensions>
    </Filter>
    <Filter Include="리소스 파일">
      <UniqueIdentifier>{67DA6AB6-F800-4c08-8B7A-83BB121AAD01}</UniqueIdentifier>
      <Extensions>rc;ico;cur;bmp;dlg;rc2;rct;bin;rgs;gif;jpg;jpeg;jpe;resx;tiff;tif;png;wav;mfcribbon-ms</Extensions>
    </Filter>
    <Filter Include="NSIS">
      <UniqueIdentifier>{c4ad6c01-03f7-4442-af10-de9ec5ed2c21}</UniqueIdentifier>
    </Filter>
    <Filter Include="AOI">
      <UniqueIdentifier>{f9bb2673-6614-461a-aecb-e98c4440fad9}</UniqueIdentifier>
    </Filter>
    <Filter Include="AVI">
      <UniqueIdentifier>{50e5f689-6814-4130-ac94-7b6329607b4d}</UniqueIdentifier>
    </Filter>
  </ItemGroup>
  <ItemGroup>
    <ClCompile Include="iProcess.cpp">
      <Filter>소스 파일</Filter>
    </ClCompile>
    <ClCompile Include="stdafx.cpp">
      <Filter>소스 파일</Filter>
    </ClCompile>
    <ClCompile Include="CDataManager.cpp">
      <Filter>소스 파일</Filter>
    </ClCompile>
    <ClCompile Include="NSIS\CNSIS.cpp">
      <Filter>NSIS</Filter>
    </ClCompile>
    <ClCompile Include="AVI\CAVI.cpp">
      <Filter>AVI</Filter>
    </ClCompile>
    <ClCompile Include="AOI\CAOI.cpp">
      <Filter>AOI</Filter>
    </ClCompile>
  </ItemGroup>
  <ItemGroup>
    <None Include="iProcess.def">
      <Filter>소스 파일</Filter>
    </None>
    <None Include="res\iProcess.rc2">
      <Filter>리소스 파일</Filter>
    </None>
  </ItemGroup>
  <ItemGroup>
    <ClInclude Include="stdafx.h">
      <Filter>헤더 파일</Filter>
    </ClInclude>
    <ClInclude Include="targetver.h">
      <Filter>헤더 파일</Filter>
    </ClInclude>
    <ClInclude Include="Resource.h">
      <Filter>헤더 파일</Filter>
    </ClInclude>
    <ClInclude Include="iProcess.h">
      <Filter>헤더 파일</Filter>
    </ClInclude>
    <ClInclude Include="CDataManager.h">
      <Filter>헤더 파일</Filter>
    </ClInclude>
    <ClInclude Include="NSIS\CNSIS.h">
      <Filter>NSIS</Filter>
    </ClInclude>
    <ClInclude Include="AVI\CAVI.h">
      <Filter>AVI</Filter>
    </ClInclude>
    <ClInclude Include="AOI\CAOI.h">
      <Filter>AOI</Filter>
    </ClInclude>
  </ItemGroup>
  <ItemGroup>
    <ResourceCompile Include="iProcess.rc">
      <Filter>리소스 파일</Filter>
    </ResourceCompile>
  </ItemGroup>
</Project>